
Microsoft Visual Studio Solution File, Format Version 12.00
# Visual Studio Version 17
VisualStudioVersion = 17.11.35222.181
MinimumVisualStudioVersion = 10.0.40219.1
Project("{FAE04EC0-301F-11D3-BF4B-00C04F79EFBC}") = "ProyectoMetodos", "ProyectoMetodos\ProyectoMetodos.csproj", "{DD41B711-8635-419E-9E5C-272F7E62BD91}"
EndProject
Global
	GlobalSection(SolutionConfigurationPlatforms) = preSolution
		Debug|Any CPU = Debug|Any CPU
		Release|Any CPU = Release|Any CPU
	EndGlobalSection
	GlobalSection(ProjectConfigurationPlatforms) = postSolution
		{DD41B711-8635-419E-9E5C-272F7E62BD91}.Debug|Any CPU.ActiveCfg = Debug|Any CPU
		{DD41B711-8635-419E-9E5C-272F7E62BD91}.Debug|Any CPU.Build.0 = Debug|Any CPU
		{DD41B711-8635-419E-9E5C-272F7E62BD91}.Release|Any CPU.ActiveCfg = Release|Any CPU
		{DD41B711-8635-419E-9E5C-272F7E62BD91}.Release|Any CPU.Build.0 = Release|Any CPU
	EndGlobalSection
	GlobalSection(SolutionProperties) = preSolution
		HideSolutionNode = FALSE
	EndGlobalSection
	GlobalSection(ExtensibilityGlobals) = postSolution
		SolutionGuid = {27DF5D37-DCA2-46BE-9C4A-A8F065B324B9}
	EndGlobalSection
EndGlobal
